
Microsoft Visual Studio Solution File, Format Version 12.00
# Visual Studio 14
VisualStudioVersion = 14.0.25420.1
MinimumVisualStudioVersion = 10.0.40219.1
Project("{8BC9CEB8-8B4A-11D0-8D11-00A0C91BC942}") = "M41", "M41\M41.vcxproj", "{928301A0-F01A-48F6-A499-851B3CE8BD4E}"
EndProject
Project("{8BC9CEB8-8B4A-11D0-8D11-00A0C91BC942}") = "M42", "M42\M42.vcxproj", "{A16B5466-E680-43F6-A884-A4A01EB78E50}"
EndProject
Project("{8BC9CEB8-8B4A-11D0-8D11-00A0C91BC942}") = "M43", "M43\M43.vcxproj", "{BE951571-3F3A-4048-BAA3-0C05F38CFF42}"
EndProject
Project("{8BC9CEB8-8B4A-11D0-8D11-00A0C91BC942}") = "M44", "M44\M44.vcxproj", "{7A192E0C-8F58-4D65-998E-3A7010AB5F87}"
EndProject
Global
	GlobalSection(SolutionConfigurationPlatforms) = preSolution
		Debug|x64 = Debug|x64
		Debug|x86 = Debug|x86
		RelWithDebug|x64 = RelWithDebug|x64
		RelWithDebug|x86 = RelWithDebug|x86
	EndGlobalSection
	GlobalSection(ProjectConfigurationPlatforms) = postSolution
		{928301A0-F01A-48F6-A499-851B3CE8BD4E}.Debug|x64.ActiveCfg = Debug|x64
		{928301A0-F01A-48F6-A499-851B3CE8BD4E}.Debug|x64.Build.0 = Debug|x64
		{928301A0-F01A-48F6-A499-851B3CE8BD4E}.Debug|x86.ActiveCfg = Debug|Win32
		{928301A0-F01A-48F6-A499-851B3CE8BD4E}.Debug|x86.Build.0 = Debug|Win32
		{928301A0-F01A-48F6-A499-851B3CE8BD4E}.RelWithDebug|x64.ActiveCfg = RelWithDebug|x64
		{928301A0-F01A-48F6-A499-851B3CE8BD4E}.RelWithDebug|x64.Build.0 = RelWithDebug|x64
		{928301A0-F01A-48F6-A499-851B3CE8BD4E}.RelWithDebug|x86.ActiveCfg = RelWithDebug|Win32
		{928301A0-F01A-48F6-A499-851B3CE8BD4E}.RelWithDebug|x86.Build.0 = RelWithDebug|Win32
		{A16B5466-E680-43F6-A884-A4A01EB78E50}.Debug|x64.ActiveCfg = Debug|x64
		{A16B5466-E680-43F6-A884-A4A01EB78E50}.Debug|x64.Build.0 = Debug|x64
		{A16B5466-E680-43F6-A884-A4A01EB78E50}.Debug|x86.ActiveCfg = Debug|Win32
		{A16B5466-E680-43F6-A884-A4A01EB78E50}.Debug|x86.Build.0 = Debug|Win32
		{A16B5466-E680-43F6-A884-A4A01EB78E50}.RelWithDebug|x64.ActiveCfg = RelWithDebug|x64
		{A16B5466-E680-43F6-A884-A4A01EB78E50}.RelWithDebug|x64.Build.0 = RelWithDebug|x64
		{A16B5466-E680-43F6-A884-A4A01EB78E50}.RelWithDebug|x86.ActiveCfg = RelWithDebug|Win32
		{A16B5466-E680-43F6-A884-A4A01EB78E50}.RelWithDebug|x86.Build.0 = RelWithDebug|Win32
		{BE951571-3F3A-4048-BAA3-0C05F38CFF42}.Debug|x64.ActiveCfg = Debug|x64
		{BE951571-3F3A-4048-BAA3-0C05F38CFF42}.Debug|x64.Build.0 = Debug|x64
		{BE951571-3F3A-4048-BAA3-0C05F38CFF42}.Debug|x86.ActiveCfg = Debug|Win32
		{BE951571-3F3A-4048-BAA3-0C05F38CFF42}.Debug|x86.Build.0 = Debug|Win32
		{BE951571-3F3A-4048-BAA3-0C05F38CFF42}.RelWithDebug|x64.ActiveCfg = RelWithDebug|x64
		{BE951571-3F3A-4048-BAA3-0C05F38CFF42}.RelWithDebug|x64.Build.0 = RelWithDebug|x64
		{BE951571-3F3A-4048-BAA3-0C05F38CFF42}.RelWithDebug|x86.ActiveCfg = RelWithDebug|Win32
		{BE951571-3F3A-4048-BAA3-0C05F38CFF42}.RelWithDebug|x86.Build.0 = RelWithDebug|Win32
		{7A192E0C-8F58-4D65-998E-3A7010AB5F87}.Debug|x64.ActiveCfg = Debug|x64
		{7A192E0C-8F58-4D65-998E-3A7010AB5F87}.Debug|x64.Build.0 = Debug|x64
		{7A192E0C-8F58-4D65-998E-3A7010AB5F87}.Debug|x86.ActiveCfg = Debug|Win32
		{7A192E0C-8F58-4D65-998E-3A7010AB5F87}.Debug|x86.Build.0 = Debug|Win32
		{7A192E0C-8F58-4D65-998E-3A7010AB5F87}.RelWithDebug|x64.ActiveCfg = RelWithDebug|x64
		{7A192E0C-8F58-4D65-998E-3A7010AB5F87}.RelWithDebug|x64.Build.0 = RelWithDebug|x64
		{7A192E0C-8F58-4D65-998E-3A7010AB5F87}.RelWithDebug|x86.ActiveCfg = RelWithDebug|Win32
		{7A192E0C-8F58-4D65-998E-3A7010AB5F87}.RelWithDebug|x86.Build.0 = RelWithDebug|Win32
	EndGlobalSection
	GlobalSection(SolutionProperties) = preSolution
		HideSolutionNode = FALSE
	EndGlobalSection
EndGlobal
